
Microsoft Visual Studio Solution File, Format Version 12.00
# Visual Studio Version 16
VisualStudioVersion = 16.0.31005.135
MinimumVisualStudioVersion = 10.0.40219.1
Project("{2150E333-8FDC-42A3-9474-1A3956D46DE8}") = "1-Presentacion", "1-Presentacion", "{8EC141FD-5212-4518-A5BE-A70BF6D4870A}"
EndProject
Project("{2150E333-8FDC-42A3-9474-1A3956D46DE8}") = "2-Apliacion", "2-Apliacion", "{F7DAD4A7-BE86-4793-9F6D-05F24500C8B1}"
EndProject
Project("{2150E333-8FDC-42A3-9474-1A3956D46DE8}") = "3-Servicios", "3-Servicios", "{1079D0A5-507D-4664-927B-3B990DC451BA}"
EndProject
Project("{2150E333-8FDC-42A3-9474-1A3956D46DE8}") = "4-Dominio", "4-Dominio", "{A338D044-0987-4B85-A4F4-1DDE644D05AD}"
EndProject
Project("{2150E333-8FDC-42A3-9474-1A3956D46DE8}") = "5-AccesoDatos", "5-AccesoDatos", "{F7603911-CF92-4BD4-AF14-385B259D5615}"
EndProject
Project("{FAE04EC0-301F-11D3-BF4B-00C04F79EFBC}") = "Aplicacion", "Aplicacion\Aplicacion.csproj", "{B606AB07-B0CB-4FDF-81E5-07D562B68DF7}"
EndProject
Project("{FAE04EC0-301F-11D3-BF4B-00C04F79EFBC}") = "Servicio", "Servicio\Servicio.csproj", "{BF39BAC2-160F-437E-9FDC-1D5C4AE18A81}"
EndProject
Project("{FAE04EC0-301F-11D3-BF4B-00C04F79EFBC}") = "Dominio", "Dominio\Dominio.csproj", "{CDDDCF88-EAF9-4264-A911-3EBF2EE7FD55}"
EndProject
Project("{FAE04EC0-301F-11D3-BF4B-00C04F79EFBC}") = "DataAccess", "DataAccess\DataAccess.csproj", "{43A62C3E-AFCC-4B4A-A8F1-BEC4C385CE7C}"
EndProject
Project("{FAE04EC0-301F-11D3-BF4B-00C04F79EFBC}") = "IServicio", "IServicio\IServicio.csproj", "{C86F75C5-72C9-4C4D-91BD-9CEB0C6939A8}"
EndProject
Project("{FAE04EC0-301F-11D3-BF4B-00C04F79EFBC}") = "AplicacionIoC", "AplicacionIoC\AplicacionIoC.csproj", "{77E78E83-7A33-4974-886B-453D4AE98588}"
EndProject
Project("{FAE04EC0-301F-11D3-BF4B-00C04F79EFBC}") = "CommerceApp", "CommerceApp\CommerceApp.csproj", "{7CA174E9-FC2E-44D4-9824-78A6A3EC02DE}"
EndProject
Project("{FAE04EC0-301F-11D3-BF4B-00C04F79EFBC}") = "PresentacionCore", "PresentacionCore\PresentacionCore.csproj", "{9B292314-A57D-4BD9-8767-53A1289F207D}"
EndProject
Project("{FAE04EC0-301F-11D3-BF4B-00C04F79EFBC}") = "PresentacionBase", "PresentacionBase\PresentacionBase.csproj", "{AD8CCC03-9DE2-44FD-92F9-C1F0E0D9187C}"
EndProject
Global
	GlobalSection(SolutionConfigurationPlatforms) = preSolution
		Debug|Any CPU = Debug|Any CPU
		Release|Any CPU = Release|Any CPU
	EndGlobalSection
	GlobalSection(ProjectConfigurationPlatforms) = postSolution
		{B606AB07-B0CB-4FDF-81E5-07D562B68DF7}.Debug|Any CPU.ActiveCfg = Debug|Any CPU
		{B606AB07-B0CB-4FDF-81E5-07D562B68DF7}.Debug|Any CPU.Build.0 = Debug|Any CPU
		{B606AB07-B0CB-4FDF-81E5-07D562B68DF7}.Release|Any CPU.ActiveCfg = Release|Any CPU
		{B606AB07-B0CB-4FDF-81E5-07D562B68DF7}.Release|Any CPU.Build.0 = Release|Any CPU
		{BF39BAC2-160F-437E-9FDC-1D5C4AE18A81}.Debug|Any CPU.ActiveCfg = Debug|Any CPU
		{BF39BAC2-160F-437E-9FDC-1D5C4AE18A81}.Debug|Any CPU.Build.0 = Debug|Any CPU
		{BF39BAC2-160F-437E-9FDC-1D5C4AE18A81}.Release|Any CPU.ActiveCfg = Release|Any CPU
		{BF39BAC2-160F-437E-9FDC-1D5C4AE18A81}.Release|Any CPU.Build.0 = Release|Any CPU
		{CDDDCF88-EAF9-4264-A911-3EBF2EE7FD55}.Debug|Any CPU.ActiveCfg = Debug|Any CPU
		{CDDDCF88-EAF9-4264-A911-3EBF2EE7FD55}.Debug|Any CPU.Build.0 = Debug|Any CPU
		{CDDDCF88-EAF9-4264-A911-3EBF2EE7FD55}.Release|Any CPU.ActiveCfg = Release|Any CPU
		{CDDDCF88-EAF9-4264-A911-3EBF2EE7FD55}.Release|Any CPU.Build.0 = Release|Any CPU
		{43A62C3E-AFCC-4B4A-A8F1-BEC4C385CE7C}.Debug|Any CPU.ActiveCfg = Debug|Any CPU
		{43A62C3E-AFCC-4B4A-A8F1-BEC4C385CE7C}.Debug|Any CPU.Build.0 = Debug|Any CPU
		{43A62C3E-AFCC-4B4A-A8F1-BEC4C385CE7C}.Release|Any CPU.ActiveCfg = Release|Any CPU
		{43A62C3E-AFCC-4B4A-A8F1-BEC4C385CE7C}.Release|Any CPU.Build.0 = Release|Any CPU
		{C86F75C5-72C9-4C4D-91BD-9CEB0C6939A8}.Debug|Any CPU.ActiveCfg = Debug|Any CPU
		{C86F75C5-72C9-4C4D-91BD-9CEB0C6939A8}.Debug|Any CPU.Build.0 = Debug|Any CPU
		{C86F75C5-72C9-4C4D-91BD-9CEB0C6939A8}.Release|Any CPU.ActiveCfg = Release|Any CPU
		{C86F75C5-72C9-4C4D-91BD-9CEB0C6939A8}.Release|Any CPU.Build.0 = Release|Any CPU
		{77E78E83-7A33-4974-886B-453D4AE98588}.Debug|Any CPU.ActiveCfg = Debug|Any CPU
		{77E78E83-7A33-4974-886B-453D4AE98588}.Debug|Any CPU.Build.0 = Debug|Any CPU
		{77E78E83-7A33-4974-886B-453D4AE98588}.Release|Any CPU.ActiveCfg = Release|Any CPU
		{77E78E83-7A33-4974-886B-453D4AE98588}.Release|Any CPU.Build.0 = Release|Any CPU
		{7CA174E9-FC2E-44D4-9824-78A6A3EC02DE}.Debug|Any CPU.ActiveCfg = Debug|Any CPU
		{7CA174E9-FC2E-44D4-9824-78A6A3EC02DE}.Debug|Any CPU.Build.0 = Debug|Any CPU
		{7CA174E9-FC2E-44D4-9824-78A6A3EC02DE}.Release|Any CPU.ActiveCfg = Release|Any CPU
		{7CA174E9-FC2E-44D4-9824-78A6A3EC02DE}.Release|Any CPU.Build.0 = Release|Any CPU
		{9B292314-A57D-4BD9-8767-53A1289F207D}.Debug|Any CPU.ActiveCfg = Debug|Any CPU
		{9B292314-A57D-4BD9-8767-53A1289F207D}.Debug|Any CPU.Build.0 = Debug|Any CPU
		{9B292314-A57D-4BD9-8767-53A1289F207D}.Release|Any CPU.ActiveCfg = Release|Any CPU
		{9B292314-A57D-4BD9-8767-53A1289F207D}.Release|Any CPU.Build.0 = Release|Any CPU
		{AD8CCC03-9DE2-44FD-92F9-C1F0E0D9187C}.Debug|Any CPU.ActiveCfg = Debug|Any CPU
		{AD8CCC03-9DE2-44FD-92F9-C1F0E0D9187C}.Debug|Any CPU.Build.0 = Debug|Any CPU
		{AD8CCC03-9DE2-44FD-92F9-C1F0E0D9187C}.Release|Any CPU.ActiveCfg = Release|Any CPU
		{AD8CCC03-9DE2-44FD-92F9-C1F0E0D9187C}.Release|Any CPU.Build.0 = Release|Any CPU
	EndGlobalSection
	GlobalSection(SolutionProperties) = preSolution
		HideSolutionNode = FALSE
	EndGlobalSection
	GlobalSection(NestedProjects) = preSolution
		{B606AB07-B0CB-4FDF-81E5-07D562B68DF7} = {F7DAD4A7-BE86-4793-9F6D-05F24500C8B1}
		{BF39BAC2-160F-437E-9FDC-1D5C4AE18A81} = {1079D0A5-507D-4664-927B-3B990DC451BA}
		{CDDDCF88-EAF9-4264-A911-3EBF2EE7FD55} = {A338D044-0987-4B85-A4F4-1DDE644D05AD}
		{43A62C3E-AFCC-4B4A-A8F1-BEC4C385CE7C} = {F7603911-CF92-4BD4-AF14-385B259D5615}
		{C86F75C5-72C9-4C4D-91BD-9CEB0C6939A8} = {1079D0A5-507D-4664-927B-3B990DC451BA}
		{77E78E83-7A33-4974-886B-453D4AE98588} = {F7DAD4A7-BE86-4793-9F6D-05F24500C8B1}
		{7CA174E9-FC2E-44D4-9824-78A6A3EC02DE} = {8EC141FD-5212-4518-A5BE-A70BF6D4870A}
		{9B292314-A57D-4BD9-8767-53A1289F207D} = {8EC141FD-5212-4518-A5BE-A70BF6D4870A}
		{AD8CCC03-9DE2-44FD-92F9-C1F0E0D9187C} = {8EC141FD-5212-4518-A5BE-A70BF6D4870A}
	EndGlobalSection
	GlobalSection(ExtensibilityGlobals) = postSolution
		SolutionGuid = {9A72AB85-80A1-4C65-9FE2-96412FB83AFB}
	EndGlobalSection
EndGlobal
